
Microsoft Visual Studio Solution File, Format Version 12.00
# Visual Studio 15
VisualStudioVersion = 15.0.28010.2003
MinimumVisualStudioVersion = 10.0.40219.1
Project("{FAE04EC0-301F-11D3-BF4B-00C04F79EFBC}") = "TestNico", "TestNico\TestNico.csproj", "{39F5A6E1-9D51-44C2-BAC0-4591341C55B0}"
EndProject
Global
	GlobalSection(SolutionConfigurationPlatforms) = preSolution
		Debug|Any CPU = Debug|Any CPU
		Release|Any CPU = Release|Any CPU
	EndGlobalSection
	GlobalSection(ProjectConfigurationPlatforms) = postSolution
		{39F5A6E1-9D51-44C2-BAC0-4591341C55B0}.Debug|Any CPU.ActiveCfg = Debug|Any CPU
		{39F5A6E1-9D51-44C2-BAC0-4591341C55B0}.Debug|Any CPU.Build.0 = Debug|Any CPU
		{39F5A6E1-9D51-44C2-BAC0-4591341C55B0}.Release|Any CPU.ActiveCfg = Release|Any CPU
		{39F5A6E1-9D51-44C2-BAC0-4591341C55B0}.Release|Any CPU.Build.0 = Release|Any CPU
	EndGlobalSection
	GlobalSection(SolutionProperties) = preSolution
		HideSolutionNode = FALSE
	EndGlobalSection
	GlobalSection(ExtensibilityGlobals) = postSolution
		SolutionGuid = {7C0758A9-0455-43F9-A16C-9C45517C05D4}
	EndGlobalSection
EndGlobal
